
Microsoft Visual Studio Solution File, Format Version 12.00
# Visual Studio Version 17
VisualStudioVersion = 17.2.32526.322
MinimumVisualStudioVersion = 10.0.40219.1
Project("{FAE04EC0-301F-11D3-BF4B-00C04F79EFBC}") = "MyLINQ", "MyLINQ\MyLINQ.csproj", "{C2DC811B-344C-4ACB-9F72-CF18189BF23A}"
EndProject
Global
	GlobalSection(SolutionConfigurationPlatforms) = preSolution
		Debug|Any CPU = Debug|Any CPU
		Release|Any CPU = Release|Any CPU
	EndGlobalSection
	GlobalSection(ProjectConfigurationPlatforms) = postSolution
		{C2DC811B-344C-4ACB-9F72-CF18189BF23A}.Debug|Any CPU.ActiveCfg = Debug|Any CPU
		{C2DC811B-344C-4ACB-9F72-CF18189BF23A}.Debug|Any CPU.Build.0 = Debug|Any CPU
		{C2DC811B-344C-4ACB-9F72-CF18189BF23A}.Release|Any CPU.ActiveCfg = Release|Any CPU
		{C2DC811B-344C-4ACB-9F72-CF18189BF23A}.Release|Any CPU.Build.0 = Release|Any CPU
	EndGlobalSection
	GlobalSection(SolutionProperties) = preSolution
		HideSolutionNode = FALSE
	EndGlobalSection
	GlobalSection(ExtensibilityGlobals) = postSolution
		SolutionGuid = {54CEFA82-4251-40BE-9963-5D64752E6C11}
	EndGlobalSection
EndGlobal
