
Microsoft Visual Studio Solution File, Format Version 12.00
# Visual Studio Version 17
VisualStudioVersion = 17.2.32526.322
MinimumVisualStudioVersion = 10.0.40219.1
Project("{9A19103F-16F7-4668-BE54-9A1E7A4F7556}") = "Visoft.Collections", "Visoft.Collections\Visoft.Collections.csproj", "{C2DC811B-344C-4ACB-9F72-CF18189BF23A}"
EndProject
Project("{9A19103F-16F7-4668-BE54-9A1E7A4F7556}") = "Visoft.Collections.Console", "Visoft.Collections.Console\Visoft.Collections.Console.csproj", "{44D59D78-6815-44D9-A2D7-63068319287A}"
EndProject
Project("{9A19103F-16F7-4668-BE54-9A1E7A4F7556}") = "Visoft.Collections.Benchmarks.FList", "Visoft.Collections.Benchmarks.FList\Visoft.Collections.Benchmarks.FList.csproj", "{4F6003AF-E245-4FC6-9283-DC854A96A0A9}"
EndProject
Project("{FAE04EC0-301F-11D3-BF4B-00C04F79EFBC}") = "Visoft.Collections.Tests", "Visoft.Collections.Tests\Visoft.Collections.Tests.csproj", "{40EF159F-1DAC-450C-88FD-A450993745CE}"
EndProject
Project("{2150E333-8FDC-42A3-9474-1A3956D46DE8}") = "Benchmarks", "Benchmarks", "{CC2DD55F-4842-4535-81D3-1A9C4FCA22B7}"
EndProject
Global
	GlobalSection(SolutionConfigurationPlatforms) = preSolution
		Debug|Any CPU = Debug|Any CPU
		Release|Any CPU = Release|Any CPU
	EndGlobalSection
	GlobalSection(ProjectConfigurationPlatforms) = postSolution
		{C2DC811B-344C-4ACB-9F72-CF18189BF23A}.Debug|Any CPU.ActiveCfg = Debug|Any CPU
		{C2DC811B-344C-4ACB-9F72-CF18189BF23A}.Debug|Any CPU.Build.0 = Debug|Any CPU
		{C2DC811B-344C-4ACB-9F72-CF18189BF23A}.Release|Any CPU.ActiveCfg = Release|Any CPU
		{C2DC811B-344C-4ACB-9F72-CF18189BF23A}.Release|Any CPU.Build.0 = Release|Any CPU
		{44D59D78-6815-44D9-A2D7-63068319287A}.Debug|Any CPU.ActiveCfg = Debug|Any CPU
		{44D59D78-6815-44D9-A2D7-63068319287A}.Debug|Any CPU.Build.0 = Debug|Any CPU
		{44D59D78-6815-44D9-A2D7-63068319287A}.Release|Any CPU.ActiveCfg = Release|Any CPU
		{44D59D78-6815-44D9-A2D7-63068319287A}.Release|Any CPU.Build.0 = Release|Any CPU
		{4F6003AF-E245-4FC6-9283-DC854A96A0A9}.Debug|Any CPU.ActiveCfg = Debug|Any CPU
		{4F6003AF-E245-4FC6-9283-DC854A96A0A9}.Debug|Any CPU.Build.0 = Debug|Any CPU
		{4F6003AF-E245-4FC6-9283-DC854A96A0A9}.Release|Any CPU.ActiveCfg = Release|Any CPU
		{4F6003AF-E245-4FC6-9283-DC854A96A0A9}.Release|Any CPU.Build.0 = Release|Any CPU
		{40EF159F-1DAC-450C-88FD-A450993745CE}.Debug|Any CPU.ActiveCfg = Debug|Any CPU
		{40EF159F-1DAC-450C-88FD-A450993745CE}.Debug|Any CPU.Build.0 = Debug|Any CPU
		{40EF159F-1DAC-450C-88FD-A450993745CE}.Release|Any CPU.ActiveCfg = Release|Any CPU
		{40EF159F-1DAC-450C-88FD-A450993745CE}.Release|Any CPU.Build.0 = Release|Any CPU
	EndGlobalSection
	GlobalSection(SolutionProperties) = preSolution
		HideSolutionNode = FALSE
	EndGlobalSection
	GlobalSection(NestedProjects) = preSolution
		{4F6003AF-E245-4FC6-9283-DC854A96A0A9} = {CC2DD55F-4842-4535-81D3-1A9C4FCA22B7}
	EndGlobalSection
	GlobalSection(ExtensibilityGlobals) = postSolution
		SolutionGuid = {54CEFA82-4251-40BE-9963-5D64752E6C11}
	EndGlobalSection
EndGlobal
